
Microsoft Visual Studio Solution File, Format Version 12.00
# Visual Studio Version 16
VisualStudioVersion = 16.0.29215.179
MinimumVisualStudioVersion = 10.0.40219.1
Project("{FAE04EC0-301F-11D3-BF4B-00C04F79EFBC}") = "DaNetApi", "DaNetApi\DaNetApi.csproj", "{F8DC75A6-8A21-439F-8915-7366F22ABEE8}"
EndProject
Global
	GlobalSection(SolutionConfigurationPlatforms) = preSolution
		Debug|Any CPU = Debug|Any CPU
		Release|Any CPU = Release|Any CPU
	EndGlobalSection
	GlobalSection(ProjectConfigurationPlatforms) = postSolution
		{F8DC75A6-8A21-439F-8915-7366F22ABEE8}.Debug|Any CPU.ActiveCfg = Debug|Any CPU
		{F8DC75A6-8A21-439F-8915-7366F22ABEE8}.Debug|Any CPU.Build.0 = Debug|Any CPU
		{F8DC75A6-8A21-439F-8915-7366F22ABEE8}.Release|Any CPU.ActiveCfg = Release|Any CPU
		{F8DC75A6-8A21-439F-8915-7366F22ABEE8}.Release|Any CPU.Build.0 = Release|Any CPU
	EndGlobalSection
	GlobalSection(SolutionProperties) = preSolution
		HideSolutionNode = FALSE
	EndGlobalSection
	GlobalSection(ExtensibilityGlobals) = postSolution
		SolutionGuid = {DC6FBA0F-F52D-4A37-B47A-32BAA9F6E6AB}
	EndGlobalSection
EndGlobal
